
Microsoft Visual Studio Solution File, Format Version 12.00
# Visual Studio 15
VisualStudioVersion = 15.0.26403.7
MinimumVisualStudioVersion = 10.0.40219.1
Project("{FAE04EC0-301F-11D3-BF4B-00C04F79EFBC}") = "ConsoleApp1", "ConsoleApp1\ConsoleApp1.csproj", "{7D286BFB-E760-4040-A5C3-7036B4464EB4}"
EndProject
Project("{FAE04EC0-301F-11D3-BF4B-00C04F79EFBC}") = "ConsoleApp2", "ConsoleApp2\ConsoleApp2.csproj", "{AC1E5286-FA4E-4490-BC08-FA922559A78E}"
EndProject
Project("{FAE04EC0-301F-11D3-BF4B-00C04F79EFBC}") = "Domain", "Domain\Domain.csproj", "{C0BD897D-7A08-42F9-ABF0-FC0368C27487}"
EndProject
Global
	GlobalSection(SolutionConfigurationPlatforms) = preSolution
		Debug|Any CPU = Debug|Any CPU
		Release|Any CPU = Release|Any CPU
	EndGlobalSection
	GlobalSection(ProjectConfigurationPlatforms) = postSolution
		{7D286BFB-E760-4040-A5C3-7036B4464EB4}.Debug|Any CPU.ActiveCfg = Debug|Any CPU
		{7D286BFB-E760-4040-A5C3-7036B4464EB4}.Debug|Any CPU.Build.0 = Debug|Any CPU
		{7D286BFB-E760-4040-A5C3-7036B4464EB4}.Release|Any CPU.ActiveCfg = Release|Any CPU
		{7D286BFB-E760-4040-A5C3-7036B4464EB4}.Release|Any CPU.Build.0 = Release|Any CPU
		{AC1E5286-FA4E-4490-BC08-FA922559A78E}.Debug|Any CPU.ActiveCfg = Debug|Any CPU
		{AC1E5286-FA4E-4490-BC08-FA922559A78E}.Debug|Any CPU.Build.0 = Debug|Any CPU
		{AC1E5286-FA4E-4490-BC08-FA922559A78E}.Release|Any CPU.ActiveCfg = Release|Any CPU
		{AC1E5286-FA4E-4490-BC08-FA922559A78E}.Release|Any CPU.Build.0 = Release|Any CPU
		{C0BD897D-7A08-42F9-ABF0-FC0368C27487}.Debug|Any CPU.ActiveCfg = Debug|Any CPU
		{C0BD897D-7A08-42F9-ABF0-FC0368C27487}.Debug|Any CPU.Build.0 = Debug|Any CPU
		{C0BD897D-7A08-42F9-ABF0-FC0368C27487}.Release|Any CPU.ActiveCfg = Release|Any CPU
		{C0BD897D-7A08-42F9-ABF0-FC0368C27487}.Release|Any CPU.Build.0 = Release|Any CPU
	EndGlobalSection
	GlobalSection(SolutionProperties) = preSolution
		HideSolutionNode = FALSE
	EndGlobalSection
EndGlobal
